
Microsoft Visual Studio Solution File, Format Version 12.00
# Visual Studio 15
VisualStudioVersion = 15.0.28307.572
MinimumVisualStudioVersion = 10.0.40219.1
Project("{FAE04EC0-301F-11D3-BF4B-00C04F79EFBC}") = "DWH Automation Testing", "DWH Automation Testing\DWH Automation Testing.csproj", "{8B92D5E0-6473-44CA-93E7-93790E8CEE05}"
EndProject
Global
	GlobalSection(SolutionConfigurationPlatforms) = preSolution
		Debug|Any CPU = Debug|Any CPU
		Release|Any CPU = Release|Any CPU
	EndGlobalSection
	GlobalSection(ProjectConfigurationPlatforms) = postSolution
		{8B92D5E0-6473-44CA-93E7-93790E8CEE05}.Debug|Any CPU.ActiveCfg = Debug|Any CPU
		{8B92D5E0-6473-44CA-93E7-93790E8CEE05}.Debug|Any CPU.Build.0 = Debug|Any CPU
		{8B92D5E0-6473-44CA-93E7-93790E8CEE05}.Release|Any CPU.ActiveCfg = Release|Any CPU
		{8B92D5E0-6473-44CA-93E7-93790E8CEE05}.Release|Any CPU.Build.0 = Release|Any CPU
	EndGlobalSection
	GlobalSection(SolutionProperties) = preSolution
		HideSolutionNode = FALSE
	EndGlobalSection
	GlobalSection(ExtensibilityGlobals) = postSolution
		SolutionGuid = {0CEC7C09-9ACC-4B18-B999-99255BC6C33C}
	EndGlobalSection
EndGlobal
